
Microsoft Visual Studio Solution File, Format Version 12.00
# Visual Studio Version 17
VisualStudioVersion = 17.6.33723.286
MinimumVisualStudioVersion = 10.0.40219.1
Project("{FAE04EC0-301F-11D3-BF4B-00C04F79EFBC}") = "ToDo Web App", "ToDo Web App.csproj", "{F9C728A8-98AE-4704-819C-D0DE6768C428}"
EndProject
Global
	GlobalSection(SolutionConfigurationPlatforms) = preSolution
		Debug|Any CPU = Debug|Any CPU
		Release|Any CPU = Release|Any CPU
	EndGlobalSection
	GlobalSection(ProjectConfigurationPlatforms) = postSolution
		{F9C728A8-98AE-4704-819C-D0DE6768C428}.Debug|Any CPU.ActiveCfg = Debug|Any CPU
		{F9C728A8-98AE-4704-819C-D0DE6768C428}.Debug|Any CPU.Build.0 = Debug|Any CPU
		{F9C728A8-98AE-4704-819C-D0DE6768C428}.Release|Any CPU.ActiveCfg = Release|Any CPU
		{F9C728A8-98AE-4704-819C-D0DE6768C428}.Release|Any CPU.Build.0 = Release|Any CPU
	EndGlobalSection
	GlobalSection(SolutionProperties) = preSolution
		HideSolutionNode = FALSE
	EndGlobalSection
	GlobalSection(ExtensibilityGlobals) = postSolution
		SolutionGuid = {27DCDE7A-8FE5-462B-A5C9-E6D88BFEF5DB}
	EndGlobalSection
EndGlobal
